
Microsoft Visual Studio Solution File, Format Version 12.00
# Visual Studio 15
VisualStudioVersion = 15.0.26403.3
MinimumVisualStudioVersion = 10.0.40219.1
Project("{FAE04EC0-301F-11D3-BF4B-00C04F79EFBC}") = "HalloWPF", "HalloWPF\HalloWPF.csproj", "{C661B368-654C-40DD-A2A7-AB9D5B8EA920}"
EndProject
Project("{FAE04EC0-301F-11D3-BF4B-00C04F79EFBC}") = "Resources", "Resources\Resources.csproj", "{D090B2BA-5087-4B6C-8C2D-4BE3F831C296}"
EndProject
Project("{FAE04EC0-301F-11D3-BF4B-00C04F79EFBC}") = "Styles", "Styles\Styles.csproj", "{4330B164-4DA8-4019-9354-502B4F734833}"
EndProject
Project("{FAE04EC0-301F-11D3-BF4B-00C04F79EFBC}") = "ControlTemplates", "ControlTemplates\ControlTemplates.csproj", "{C178FCCA-ED4B-4D56-8A7A-8C558C1FADEE}"
EndProject
Project("{FAE04EC0-301F-11D3-BF4B-00C04F79EFBC}") = "RoutedEvents", "RoutedEvents\RoutedEvents.csproj", "{E51906CF-108E-4FCE-A518-2F90A433108A}"
EndProject
Project("{FAE04EC0-301F-11D3-BF4B-00C04F79EFBC}") = "Binding", "Binding\Binding.csproj", "{67567C04-C557-4D63-996B-16904108B1F3}"
EndProject
Project("{FAE04EC0-301F-11D3-BF4B-00C04F79EFBC}") = "RelativeSourceSelf", "RelativeSourceSelf\RelativeSourceSelf.csproj", "{E2AE4E0F-0A20-4250-82C4-CE587B91F398}"
EndProject
Global
	GlobalSection(SolutionConfigurationPlatforms) = preSolution
		Debug|Any CPU = Debug|Any CPU
		Release|Any CPU = Release|Any CPU
	EndGlobalSection
	GlobalSection(ProjectConfigurationPlatforms) = postSolution
		{C661B368-654C-40DD-A2A7-AB9D5B8EA920}.Debug|Any CPU.ActiveCfg = Debug|Any CPU
		{C661B368-654C-40DD-A2A7-AB9D5B8EA920}.Debug|Any CPU.Build.0 = Debug|Any CPU
		{C661B368-654C-40DD-A2A7-AB9D5B8EA920}.Release|Any CPU.ActiveCfg = Release|Any CPU
		{C661B368-654C-40DD-A2A7-AB9D5B8EA920}.Release|Any CPU.Build.0 = Release|Any CPU
		{D090B2BA-5087-4B6C-8C2D-4BE3F831C296}.Debug|Any CPU.ActiveCfg = Debug|Any CPU
		{D090B2BA-5087-4B6C-8C2D-4BE3F831C296}.Debug|Any CPU.Build.0 = Debug|Any CPU
		{D090B2BA-5087-4B6C-8C2D-4BE3F831C296}.Release|Any CPU.ActiveCfg = Release|Any CPU
		{D090B2BA-5087-4B6C-8C2D-4BE3F831C296}.Release|Any CPU.Build.0 = Release|Any CPU
		{4330B164-4DA8-4019-9354-502B4F734833}.Debug|Any CPU.ActiveCfg = Debug|Any CPU
		{4330B164-4DA8-4019-9354-502B4F734833}.Debug|Any CPU.Build.0 = Debug|Any CPU
		{4330B164-4DA8-4019-9354-502B4F734833}.Release|Any CPU.ActiveCfg = Release|Any CPU
		{4330B164-4DA8-4019-9354-502B4F734833}.Release|Any CPU.Build.0 = Release|Any CPU
		{C178FCCA-ED4B-4D56-8A7A-8C558C1FADEE}.Debug|Any CPU.ActiveCfg = Debug|Any CPU
		{C178FCCA-ED4B-4D56-8A7A-8C558C1FADEE}.Debug|Any CPU.Build.0 = Debug|Any CPU
		{C178FCCA-ED4B-4D56-8A7A-8C558C1FADEE}.Release|Any CPU.ActiveCfg = Release|Any CPU
		{C178FCCA-ED4B-4D56-8A7A-8C558C1FADEE}.Release|Any CPU.Build.0 = Release|Any CPU
		{E51906CF-108E-4FCE-A518-2F90A433108A}.Debug|Any CPU.ActiveCfg = Debug|Any CPU
		{E51906CF-108E-4FCE-A518-2F90A433108A}.Debug|Any CPU.Build.0 = Debug|Any CPU
		{E51906CF-108E-4FCE-A518-2F90A433108A}.Release|Any CPU.ActiveCfg = Release|Any CPU
		{E51906CF-108E-4FCE-A518-2F90A433108A}.Release|Any CPU.Build.0 = Release|Any CPU
		{67567C04-C557-4D63-996B-16904108B1F3}.Debug|Any CPU.ActiveCfg = Debug|Any CPU
		{67567C04-C557-4D63-996B-16904108B1F3}.Debug|Any CPU.Build.0 = Debug|Any CPU
		{67567C04-C557-4D63-996B-16904108B1F3}.Release|Any CPU.ActiveCfg = Release|Any CPU
		{67567C04-C557-4D63-996B-16904108B1F3}.Release|Any CPU.Build.0 = Release|Any CPU
		{E2AE4E0F-0A20-4250-82C4-CE587B91F398}.Debug|Any CPU.ActiveCfg = Debug|Any CPU
		{E2AE4E0F-0A20-4250-82C4-CE587B91F398}.Debug|Any CPU.Build.0 = Debug|Any CPU
		{E2AE4E0F-0A20-4250-82C4-CE587B91F398}.Release|Any CPU.ActiveCfg = Release|Any CPU
		{E2AE4E0F-0A20-4250-82C4-CE587B91F398}.Release|Any CPU.Build.0 = Release|Any CPU
	EndGlobalSection
	GlobalSection(SolutionProperties) = preSolution
		HideSolutionNode = FALSE
	EndGlobalSection
EndGlobal
